
Microsoft Visual Studio Solution File, Format Version 12.00
# Visual Studio Version 17
VisualStudioVersion = 17.1.32421.90
MinimumVisualStudioVersion = 10.0.40219.1
Project("{9A19103F-16F7-4668-BE54-9A1E7A4F7556}") = "MyToDo.Wpf", "MyToDo.Wpf\MyToDo.Wpf.csproj", "{094A128B-BB72-49B9-BD62-CDAC0D561F9A}"
EndProject
Project("{9A19103F-16F7-4668-BE54-9A1E7A4F7556}") = "MyToDo.MVVM", "MyToDo.MVVM\MyToDo.MVVM.csproj", "{B9BF4E4C-7486-4A78-9CAA-1643C9D2D359}"
EndProject
Project("{9A19103F-16F7-4668-BE54-9A1E7A4F7556}") = "MyToDo.Avalonia", "MyToDo.Avalonia\MyToDo.Avalonia.csproj", "{BEF0B9FE-810D-43A6-BA63-613FEACA10AF}"
EndProject
Project("{D954291E-2A0B-460D-934E-DC6B0785DB48}") = "MyToDo.Share", "MyToDo.Share\MyToDo.Share.shproj", "{B0D8CF28-EBAD-49EB-B50E-B8DC50D8A8B7}"
EndProject
Global
	GlobalSection(SharedMSBuildProjectFiles) = preSolution
		MyToDo.Share\MyToDo.Share.projitems*{094a128b-bb72-49b9-bd62-cdac0d561f9a}*SharedItemsImports = 5
		MyToDo.Share\MyToDo.Share.projitems*{b0d8cf28-ebad-49eb-b50e-b8dc50d8a8b7}*SharedItemsImports = 13
		MyToDo.Share\MyToDo.Share.projitems*{bef0b9fe-810d-43a6-ba63-613feaca10af}*SharedItemsImports = 5
	EndGlobalSection
	GlobalSection(SolutionConfigurationPlatforms) = preSolution
		Debug|Any CPU = Debug|Any CPU
		Release|Any CPU = Release|Any CPU
	EndGlobalSection
	GlobalSection(ProjectConfigurationPlatforms) = postSolution
		{094A128B-BB72-49B9-BD62-CDAC0D561F9A}.Debug|Any CPU.ActiveCfg = Debug|Any CPU
		{094A128B-BB72-49B9-BD62-CDAC0D561F9A}.Debug|Any CPU.Build.0 = Debug|Any CPU
		{094A128B-BB72-49B9-BD62-CDAC0D561F9A}.Release|Any CPU.ActiveCfg = Release|Any CPU
		{094A128B-BB72-49B9-BD62-CDAC0D561F9A}.Release|Any CPU.Build.0 = Release|Any CPU
		{B9BF4E4C-7486-4A78-9CAA-1643C9D2D359}.Debug|Any CPU.ActiveCfg = Debug|Any CPU
		{B9BF4E4C-7486-4A78-9CAA-1643C9D2D359}.Debug|Any CPU.Build.0 = Debug|Any CPU
		{B9BF4E4C-7486-4A78-9CAA-1643C9D2D359}.Release|Any CPU.ActiveCfg = Release|Any CPU
		{B9BF4E4C-7486-4A78-9CAA-1643C9D2D359}.Release|Any CPU.Build.0 = Release|Any CPU
		{BEF0B9FE-810D-43A6-BA63-613FEACA10AF}.Debug|Any CPU.ActiveCfg = Debug|Any CPU
		{BEF0B9FE-810D-43A6-BA63-613FEACA10AF}.Debug|Any CPU.Build.0 = Debug|Any CPU
		{BEF0B9FE-810D-43A6-BA63-613FEACA10AF}.Release|Any CPU.ActiveCfg = Release|Any CPU
		{BEF0B9FE-810D-43A6-BA63-613FEACA10AF}.Release|Any CPU.Build.0 = Release|Any CPU
	EndGlobalSection
	GlobalSection(SolutionProperties) = preSolution
		HideSolutionNode = FALSE
	EndGlobalSection
	GlobalSection(ExtensibilityGlobals) = postSolution
		SolutionGuid = {1CB9A4DC-657E-4CE7-98E0-82CCE9BA7250}
	EndGlobalSection
EndGlobal
